
Microsoft Visual Studio Solution File, Format Version 12.00
# Visual Studio Version 16
VisualStudioVersion = 16.0.32126.315
MinimumVisualStudioVersion = 10.0.40219.1
Project("{9A19103F-16F7-4668-BE54-9A1E7A4F7556}") = "SEDC.Class03.Homework.SumOfEven", "SEDC.Class03.Homework.SumOfEven\SEDC.Class03.Homework.SumOfEven.csproj", "{C3E4FAFB-B4F0-421A-89B3-30265BAD1B6D}"
EndProject
Project("{9A19103F-16F7-4668-BE54-9A1E7A4F7556}") = "SEDC.Class03.Homework.StudentGroup", "SEDC.Class03.Homework.StudentGroup\SEDC.Class03.Homework.StudentGroup.csproj", "{66886971-4A64-4FA7-A550-61B5D211A24B}"
EndProject
Project("{FAE04EC0-301F-11D3-BF4B-00C04F79EFBC}") = "SEDC.Class03.Homework.Extra", "SEDC.Class03.Homework.Extra\SEDC.Class03.Homework.Extra.csproj", "{C0EEB373-FAC7-424A-A623-4CDFFCCB07E7}"
EndProject
Global
	GlobalSection(SolutionConfigurationPlatforms) = preSolution
		Debug|Any CPU = Debug|Any CPU
		Release|Any CPU = Release|Any CPU
	EndGlobalSection
	GlobalSection(ProjectConfigurationPlatforms) = postSolution
		{C3E4FAFB-B4F0-421A-89B3-30265BAD1B6D}.Debug|Any CPU.ActiveCfg = Debug|Any CPU
		{C3E4FAFB-B4F0-421A-89B3-30265BAD1B6D}.Debug|Any CPU.Build.0 = Debug|Any CPU
		{C3E4FAFB-B4F0-421A-89B3-30265BAD1B6D}.Release|Any CPU.ActiveCfg = Release|Any CPU
		{C3E4FAFB-B4F0-421A-89B3-30265BAD1B6D}.Release|Any CPU.Build.0 = Release|Any CPU
		{66886971-4A64-4FA7-A550-61B5D211A24B}.Debug|Any CPU.ActiveCfg = Debug|Any CPU
		{66886971-4A64-4FA7-A550-61B5D211A24B}.Debug|Any CPU.Build.0 = Debug|Any CPU
		{66886971-4A64-4FA7-A550-61B5D211A24B}.Release|Any CPU.ActiveCfg = Release|Any CPU
		{66886971-4A64-4FA7-A550-61B5D211A24B}.Release|Any CPU.Build.0 = Release|Any CPU
		{C0EEB373-FAC7-424A-A623-4CDFFCCB07E7}.Debug|Any CPU.ActiveCfg = Debug|Any CPU
		{C0EEB373-FAC7-424A-A623-4CDFFCCB07E7}.Debug|Any CPU.Build.0 = Debug|Any CPU
		{C0EEB373-FAC7-424A-A623-4CDFFCCB07E7}.Release|Any CPU.ActiveCfg = Release|Any CPU
		{C0EEB373-FAC7-424A-A623-4CDFFCCB07E7}.Release|Any CPU.Build.0 = Release|Any CPU
	EndGlobalSection
	GlobalSection(SolutionProperties) = preSolution
		HideSolutionNode = FALSE
	EndGlobalSection
	GlobalSection(ExtensibilityGlobals) = postSolution
		SolutionGuid = {D987B280-33D8-48B4-AFEE-F0ABA6B32439}
	EndGlobalSection
EndGlobal
