
Microsoft Visual Studio Solution File, Format Version 12.00
# Visual Studio Version 16
VisualStudioVersion = 16.0.32126.315
MinimumVisualStudioVersion = 10.0.40219.1
Project("{9A19103F-16F7-4668-BE54-9A1E7A4F7556}") = "SEDC.Class08.EXERCISESSS", "SEDC.Class08.EXERCISESSS.csproj", "{4D7E38BE-C152-4F7B-81F4-6A252272FBA6}"
EndProject
Global
	GlobalSection(SolutionConfigurationPlatforms) = preSolution
		Debug|Any CPU = Debug|Any CPU
		Release|Any CPU = Release|Any CPU
	EndGlobalSection
	GlobalSection(ProjectConfigurationPlatforms) = postSolution
		{4D7E38BE-C152-4F7B-81F4-6A252272FBA6}.Debug|Any CPU.ActiveCfg = Debug|Any CPU
		{4D7E38BE-C152-4F7B-81F4-6A252272FBA6}.Debug|Any CPU.Build.0 = Debug|Any CPU
		{4D7E38BE-C152-4F7B-81F4-6A252272FBA6}.Release|Any CPU.ActiveCfg = Release|Any CPU
		{4D7E38BE-C152-4F7B-81F4-6A252272FBA6}.Release|Any CPU.Build.0 = Release|Any CPU
	EndGlobalSection
	GlobalSection(SolutionProperties) = preSolution
		HideSolutionNode = FALSE
	EndGlobalSection
	GlobalSection(ExtensibilityGlobals) = postSolution
		SolutionGuid = {CB5E6B62-0A1F-42CB-B6DB-95BC2A887883}
	EndGlobalSection
EndGlobal
