
Microsoft Visual Studio Solution File, Format Version 12.00
# Visual Studio Version 16
VisualStudioVersion = 16.0.32126.315
MinimumVisualStudioVersion = 10.0.40219.1
Project("{9A19103F-16F7-4668-BE54-9A1E7A4F7556}") = "SEDC.Class02.Homework.RealCalculator", "SEDC.Class02.Homework.Task01\SEDC.Class02.Homework.RealCalculator.csproj", "{264DA17C-B9C4-4CAB-B90C-6FC75AA14892}"
EndProject
Project("{9A19103F-16F7-4668-BE54-9A1E7A4F7556}") = "SEDC.Class02.Homework.AverageNumber", "SEDC.Class02.Homework.AverageNumber\SEDC.Class02.Homework.AverageNumber.csproj", "{42ED9D2A-4614-4AD5-A0EC-F7246DA35D2E}"
EndProject
Project("{9A19103F-16F7-4668-BE54-9A1E7A4F7556}") = "SEDC.Class02.Homework.SwapNumbers", "SEDC.Class02.Homework.SwapNumbers\SEDC.Class02.Homework.SwapNumbers.csproj", "{A5CE6040-B05F-4DB2-BD2B-52CA12CE1F60}"
EndProject
Project("{FAE04EC0-301F-11D3-BF4B-00C04F79EFBC}") = "SEDC.Class02.Homework.FindStatistics", "SEDC.Class02.Homework.FindStatistics\SEDC.Class02.Homework.FindStatistics.csproj", "{02564AE6-2C77-4BDC-AD3B-0F16251D7C2F}"
EndProject
Global
	GlobalSection(SolutionConfigurationPlatforms) = preSolution
		Debug|Any CPU = Debug|Any CPU
		Release|Any CPU = Release|Any CPU
	EndGlobalSection
	GlobalSection(ProjectConfigurationPlatforms) = postSolution
		{264DA17C-B9C4-4CAB-B90C-6FC75AA14892}.Debug|Any CPU.ActiveCfg = Debug|Any CPU
		{264DA17C-B9C4-4CAB-B90C-6FC75AA14892}.Debug|Any CPU.Build.0 = Debug|Any CPU
		{264DA17C-B9C4-4CAB-B90C-6FC75AA14892}.Release|Any CPU.ActiveCfg = Release|Any CPU
		{264DA17C-B9C4-4CAB-B90C-6FC75AA14892}.Release|Any CPU.Build.0 = Release|Any CPU
		{42ED9D2A-4614-4AD5-A0EC-F7246DA35D2E}.Debug|Any CPU.ActiveCfg = Debug|Any CPU
		{42ED9D2A-4614-4AD5-A0EC-F7246DA35D2E}.Debug|Any CPU.Build.0 = Debug|Any CPU
		{42ED9D2A-4614-4AD5-A0EC-F7246DA35D2E}.Release|Any CPU.ActiveCfg = Release|Any CPU
		{42ED9D2A-4614-4AD5-A0EC-F7246DA35D2E}.Release|Any CPU.Build.0 = Release|Any CPU
		{A5CE6040-B05F-4DB2-BD2B-52CA12CE1F60}.Debug|Any CPU.ActiveCfg = Debug|Any CPU
		{A5CE6040-B05F-4DB2-BD2B-52CA12CE1F60}.Debug|Any CPU.Build.0 = Debug|Any CPU
		{A5CE6040-B05F-4DB2-BD2B-52CA12CE1F60}.Release|Any CPU.ActiveCfg = Release|Any CPU
		{A5CE6040-B05F-4DB2-BD2B-52CA12CE1F60}.Release|Any CPU.Build.0 = Release|Any CPU
		{02564AE6-2C77-4BDC-AD3B-0F16251D7C2F}.Debug|Any CPU.ActiveCfg = Debug|Any CPU
		{02564AE6-2C77-4BDC-AD3B-0F16251D7C2F}.Debug|Any CPU.Build.0 = Debug|Any CPU
		{02564AE6-2C77-4BDC-AD3B-0F16251D7C2F}.Release|Any CPU.ActiveCfg = Release|Any CPU
		{02564AE6-2C77-4BDC-AD3B-0F16251D7C2F}.Release|Any CPU.Build.0 = Release|Any CPU
	EndGlobalSection
	GlobalSection(SolutionProperties) = preSolution
		HideSolutionNode = FALSE
	EndGlobalSection
	GlobalSection(ExtensibilityGlobals) = postSolution
		SolutionGuid = {C225C9D0-998E-4496-971A-7E5EFF12A5AF}
	EndGlobalSection
EndGlobal
